// !$*UTF8*$!
{
	archiveVersion = 1;
	classes = {
	};
	objectVersion = 77;
	objects = {

/* Begin PBXContainerItemProxy section */
		DEB6E8CE2F71D854004B8E3E /* PBXContainerItemProxy */ = {
			isa = PBXContainerItemProxy;
			containerPortal = DEB6E8B82F71D853004B8E3E /* Project object */;
			proxyType = 1;
			remoteGlobalIDString = DEB6E8BF2F71D853004B8E3E;
			remoteInfo = AtelierCode;
		};
		DEB6E8D82F71D854004B8E3E /* PBXContainerItemProxy */ = {
			isa = PBXContainerItemProxy;
			containerPortal = DEB6E8B82F71D853004B8E3E /* Project object */;
			proxyType = 1;
			remoteGlobalIDString = DEB6E8BF2F71D853004B8E3E;
			remoteInfo = AtelierCode;
		};
/* End PBXContainerItemProxy section */

/* Begin PBXFileReference section */
		DEB6E8C02F71D853004B8E3E /* AtelierCode.app */ = {isa = PBXFileReference; explicitFileType = wrapper.application; includeInIndex = 0; path = AtelierCode.app; sourceTree = BUILT_PRODUCTS_DIR; };
		DEB6E8CD2F71D854004B8E3E /* AtelierCodeTests.xctest */ = {isa = PBXFileReference; explicitFileType = wrapper.cfbundle; includeInIndex = 0; path = AtelierCodeTests.xctest; sourceTree = BUILT_PRODUCTS_DIR; };
		DEB6E8D72F71D854004B8E3E /* AtelierCodeUITests.xctest */ = {isa = PBXFileReference; explicitFileType = wrapper.cfbundle; includeInIndex = 0; path = AtelierCodeUITests.xctest; sourceTree = BUILT_PRODUCTS_DIR; };
		DEF0FE952F71DDC500E68955 /* architecture.md */ = {isa = PBXFileReference; lastKnownFileType = net.daringfireball.markdown; path = architecture.md; sourceTree = "<group>"; };
		DEF0FE972F72118400E68955 /* roadmap.md */ = {isa = PBXFileReference; lastKnownFileType = net.daringfireball.markdown; path = roadmap.md; sourceTree = "<group>"; };
		DEF1AA102F72290000E68955 /* runtime-foundation.md */ = {isa = PBXFileReference; lastKnownFileType = net.daringfireball.markdown; path = "runtime-foundation.md"; sourceTree = "<group>"; };
/* End PBXFileReference section */

/* Begin PBXFileSystemSynchronizedRootGroup section */
		DEB6E8C22F71D853004B8E3E /* AtelierCode */ = {
			isa = PBXFileSystemSynchronizedRootGroup;
			path = AtelierCode;
			sourceTree = "<group>";
		};
		DEB6E8D02F71D854004B8E3E /* AtelierCodeTests */ = {
			isa = PBXFileSystemSynchronizedRootGroup;
			path = AtelierCodeTests;
			sourceTree = "<group>";
		};
		DEB6E8DA2F71D854004B8E3E /* AtelierCodeUITests */ = {
			isa = PBXFileSystemSynchronizedRootGroup;
			path = AtelierCodeUITests;
			sourceTree = "<group>";
		};
/* End PBXFileSystemSynchronizedRootGroup section */

/* Begin PBXFrameworksBuildPhase section */
		DEB6E8BD2F71D853004B8E3E /* Frameworks */ = {
			isa = PBXFrameworksBuildPhase;
			buildActionMask = 2147483647;
			files = (
			);
			runOnlyForDeploymentPostprocessing = 0;
		};
		DEB6E8CA2F71D854004B8E3E /* Frameworks */ = {
			isa = PBXFrameworksBuildPhase;
			buildActionMask = 2147483647;
			files = (
			);
			runOnlyForDeploymentPostprocessing = 0;
		};
		DEB6E8D42F71D854004B8E3E /* Frameworks */ = {
			isa = PBXFrameworksBuildPhase;
			buildActionMask = 2147483647;
			files = (
			);
			runOnlyForDeploymentPostprocessing = 0;
		};
/* End PBXFrameworksBuildPhase section */

/* Begin PBXGroup section */
		DEB6E8B72F71D853004B8E3E = {
			isa = PBXGroup;
			children = (
				DEF0FE942F71DDBA00E68955 /* Docs */,
				DEB6E8C22F71D853004B8E3E /* AtelierCode */,
				DEB6E8D02F71D854004B8E3E /* AtelierCodeTests */,
				DEB6E8DA2F71D854004B8E3E /* AtelierCodeUITests */,
				DEB6E8C12F71D853004B8E3E /* Products */,
			);
			sourceTree = "<group>";
		};
		DEB6E8C12F71D853004B8E3E /* Products */ = {
			isa = PBXGroup;
			children = (
				DEB6E8C02F71D853004B8E3E /* AtelierCode.app */,
				DEB6E8CD2F71D854004B8E3E /* AtelierCodeTests.xctest */,
				DEB6E8D72F71D854004B8E3E /* AtelierCodeUITests.xctest */,
			);
			name = Products;
			sourceTree = "<group>";
		};
		DEF0FE942F71DDBA00E68955 /* Docs */ = {
			isa = PBXGroup;
			children = (
				DEF1AA0F2F72290000E68955 /* plans */,
				DEF0FE972F72118400E68955 /* roadmap.md */,
				DEF0FE952F71DDC500E68955 /* architecture.md */,
			);
			path = Docs;
			sourceTree = "<group>";
		};
		DEF0FEDC2F723E2600E68955 /* completed */ = {
			isa = PBXGroup;
			children = (
				DEF1AA102F72290000E68955 /* runtime-foundation.md */,
			);
			path = completed;
			sourceTree = "<group>";
		};
		DEF1AA0F2F72290000E68955 /* plans */ = {
			isa = PBXGroup;
			children = (
				DEF0FEDC2F723E2600E68955 /* completed */,
			);
			path = plans;
			sourceTree = "<group>";
		};
/* End PBXGroup section */

/* Begin PBXNativeTarget section */
		DEB6E8BF2F71D853004B8E3E /* AtelierCode */ = {
			isa = PBXNativeTarget;
			buildConfigurationList = DEB6E8E12F71D854004B8E3E /* Build configuration list for PBXNativeTarget "AtelierCode" */;
			buildPhases = (
				DEB6E8BC2F71D853004B8E3E /* Sources */,
				DEB6E8BD2F71D853004B8E3E /* Frameworks */,
				DEB6E8BE2F71D853004B8E3E /* Resources */,
				DEF8A4D72F722F4A00B14211 /* Build AgentBridge */,
				DEF8A4D82F722F7300B14211 /* Embed AgentBridge */,
			);
			buildRules = (
			);
			dependencies = (
			);
			fileSystemSynchronizedGroups = (
				DEB6E8C22F71D853004B8E3E /* AtelierCode */,
			);
			name = AtelierCode;
			packageProductDependencies = (
			);
			productName = AtelierCode;
			productReference = DEB6E8C02F71D853004B8E3E /* AtelierCode.app */;
			productType = "com.apple.product-type.application";
		};
		DEB6E8CC2F71D854004B8E3E /* AtelierCodeTests */ = {
			isa = PBXNativeTarget;
			buildConfigurationList = DEB6E8E42F71D854004B8E3E /* Build configuration list for PBXNativeTarget "AtelierCodeTests" */;
			buildPhases = (
				DEB6E8C92F71D854004B8E3E /* Sources */,
				DEB6E8CA2F71D854004B8E3E /* Frameworks */,
				DEB6E8CB2F71D854004B8E3E /* Resources */,
			);
			buildRules = (
			);
			dependencies = (
				DEB6E8CF2F71D854004B8E3E /* PBXTargetDependency */,
			);
			fileSystemSynchronizedGroups = (
				DEB6E8D02F71D854004B8E3E /* AtelierCodeTests */,
			);
			name = AtelierCodeTests;
			packageProductDependencies = (
			);
			productName = AtelierCodeTests;
			productReference = DEB6E8CD2F71D854004B8E3E /* AtelierCodeTests.xctest */;
			productType = "com.apple.product-type.bundle.unit-test";
		};
		DEB6E8D62F71D854004B8E3E /* AtelierCodeUITests */ = {
			isa = PBXNativeTarget;
			buildConfigurationList = DEB6E8E72F71D854004B8E3E /* Build configuration list for PBXNativeTarget "AtelierCodeUITests" */;
			buildPhases = (
				DEB6E8D32F71D854004B8E3E /* Sources */,
				DEB6E8D42F71D854004B8E3E /* Frameworks */,
				DEB6E8D52F71D854004B8E3E /* Resources */,
			);
			buildRules = (
			);
			dependencies = (
				DEB6E8D92F71D854004B8E3E /* PBXTargetDependency */,
			);
			fileSystemSynchronizedGroups = (
				DEB6E8DA2F71D854004B8E3E /* AtelierCodeUITests */,
			);
			name = AtelierCodeUITests;
			packageProductDependencies = (
			);
			productName = AtelierCodeUITests;
			productReference = DEB6E8D72F71D854004B8E3E /* AtelierCodeUITests.xctest */;
			productType = "com.apple.product-type.bundle.ui-testing";
		};
/* End PBXNativeTarget section */

/* Begin PBXProject section */
		DEB6E8B82F71D853004B8E3E /* Project object */ = {
			isa = PBXProject;
			attributes = {
				BuildIndependentTargetsInParallel = 1;
				LastSwiftUpdateCheck = 2630;
				LastUpgradeCheck = 2630;
				TargetAttributes = {
					DEB6E8BF2F71D853004B8E3E = {
						CreatedOnToolsVersion = 26.3;
					};
					DEB6E8CC2F71D854004B8E3E = {
						CreatedOnToolsVersion = 26.3;
						TestTargetID = DEB6E8BF2F71D853004B8E3E;
					};
					DEB6E8D62F71D854004B8E3E = {
						CreatedOnToolsVersion = 26.3;
						TestTargetID = DEB6E8BF2F71D853004B8E3E;
					};
				};
			};
			buildConfigurationList = DEB6E8BB2F71D853004B8E3E /* Build configuration list for PBXProject "AtelierCode" */;
			developmentRegion = en;
			hasScannedForEncodings = 0;
			knownRegions = (
				en,
				Base,
			);
			mainGroup = DEB6E8B72F71D853004B8E3E;
			minimizedProjectReferenceProxies = 1;
			preferredProjectObjectVersion = 77;
			productRefGroup = DEB6E8C12F71D853004B8E3E /* Products */;
			projectDirPath = "";
			projectRoot = "";
			targets = (
				DEB6E8BF2F71D853004B8E3E /* AtelierCode */,
				DEB6E8CC2F71D854004B8E3E /* AtelierCodeTests */,
				DEB6E8D62F71D854004B8E3E /* AtelierCodeUITests */,
			);
		};
/* End PBXProject section */

/* Begin PBXResourcesBuildPhase section */
		DEB6E8BE2F71D853004B8E3E /* Resources */ = {
			isa = PBXResourcesBuildPhase;
			buildActionMask = 2147483647;
			files = (
			);
			runOnlyForDeploymentPostprocessing = 0;
		};
		DEB6E8CB2F71D854004B8E3E /* Resources */ = {
			isa = PBXResourcesBuildPhase;
			buildActionMask = 2147483647;
			files = (
			);
			runOnlyForDeploymentPostprocessing = 0;
		};
		DEB6E8D52F71D854004B8E3E /* Resources */ = {
			isa = PBXResourcesBuildPhase;
			buildActionMask = 2147483647;
			files = (
			);
			runOnlyForDeploymentPostprocessing = 0;
		};
/* End PBXResourcesBuildPhase section */

/* Begin PBXShellScriptBuildPhase section */
		DEF8A4D72F722F4A00B14211 /* Build AgentBridge */ = {
			isa = PBXShellScriptBuildPhase;
			buildActionMask = 2147483647;
			files = (
			);
			inputFileListPaths = (
			);
			inputPaths = (
				"$(SRCROOT)/AgentBridge/package.json",
				"$(SRCROOT)/AgentBridge/tsconfig.json",
				"$(SRCROOT)/AgentBridge/src/index.ts",
				"$(SRCROOT)/AgentBridge/src/protocol/types.ts",
				"$(SRCROOT)/AgentBridge/src/protocol/version.ts",
				"$(SRCROOT)/AgentBridge/src/discovery/executable.ts",
				"$(SRCROOT)/AgentBridge/src/codex/codex-client.ts",
				"$(SRCROOT)/AgentBridge/src/codex/codex-event-mapper.ts",
				"$(SRCROOT)/AgentBridge/src/codex/codex-transport.ts",
			);
			name = "Build AgentBridge";
			outputFileListPaths = (
			);
			outputPaths = (
				"$(DERIVED_FILE_DIR)/ateliercode-agent-bridge",
			);
			runOnlyForDeploymentPostprocessing = 0;
			shellPath = /bin/sh;
			shellScript = "set -eu\nBUN_BIN=\"\"\nif [ -n \"${HOME:-}\" ]; then\n  for candidate in \"$HOME\"/.local/share/mise/installs/bun/*/bin/bun; do\n    if [ -x \"$candidate\" ]; then\n      BUN_BIN=\"$candidate\"\n    fi\n  done\nfi\nif [ -z \"$BUN_BIN\" ] && command -v bun >/dev/null 2>&1; then\n  BUN_BIN=\"$(command -v bun)\"\nfi\nif [ -z \"$BUN_BIN\" ]; then\n  echo \"error: bun is required to build AgentBridge. Install Bun and retry the app build.\" >&2\n  exit 1\nfi\ncd \"$SRCROOT/AgentBridge\"\n\"$BUN_BIN\" build --compile ./src/index.ts --outfile \"$DERIVED_FILE_DIR/ateliercode-agent-bridge\"\n";
			showEnvVarsInLog = 0;
		};
		DEF8A4D82F722F7300B14211 /* Embed AgentBridge */ = {
			isa = PBXShellScriptBuildPhase;
			buildActionMask = 2147483647;
			files = (
			);
			inputFileListPaths = (
			);
			inputPaths = (
				"$(DERIVED_FILE_DIR)/ateliercode-agent-bridge",
			);
			name = "Embed AgentBridge";
			outputFileListPaths = (
			);
			outputPaths = (
				"$(TARGET_BUILD_DIR)/$(CONTENTS_FOLDER_PATH)/MacOS/ateliercode-agent-bridge",
			);
			runOnlyForDeploymentPostprocessing = 0;
			shellPath = /bin/sh;
			shellScript = "set -eu\nSOURCE_PATH=\"$DERIVED_FILE_DIR/ateliercode-agent-bridge\"\nDESTINATION_PATH=\"$TARGET_BUILD_DIR/$CONTENTS_FOLDER_PATH/MacOS/ateliercode-agent-bridge\"\nif [ ! -f \"$SOURCE_PATH\" ]; then\n  echo \"error: AgentBridge executable was not produced at $SOURCE_PATH.\" >&2\n  exit 1\nfi\ncp \"$SOURCE_PATH\" \"$DESTINATION_PATH\"\nchmod 755 \"$DESTINATION_PATH\"\n";
			showEnvVarsInLog = 0;
		};
/* End PBXShellScriptBuildPhase section */

/* Begin PBXSourcesBuildPhase section */
		DEB6E8BC2F71D853004B8E3E /* Sources */ = {
			isa = PBXSourcesBuildPhase;
			buildActionMask = 2147483647;
			files = (
			);
			runOnlyForDeploymentPostprocessing = 0;
		};
		DEB6E8C92F71D854004B8E3E /* Sources */ = {
			isa = PBXSourcesBuildPhase;
			buildActionMask = 2147483647;
			files = (
			);
			runOnlyForDeploymentPostprocessing = 0;
		};
		DEB6E8D32F71D854004B8E3E /* Sources */ = {
			isa = PBXSourcesBuildPhase;
			buildActionMask = 2147483647;
			files = (
			);
			runOnlyForDeploymentPostprocessing = 0;
		};
/* End PBXSourcesBuildPhase section */

/* Begin PBXTargetDependency section */
		DEB6E8CF2F71D854004B8E3E /* PBXTargetDependency */ = {
			isa = PBXTargetDependency;
			target = DEB6E8BF2F71D853004B8E3E /* AtelierCode */;
			targetProxy = DEB6E8CE2F71D854004B8E3E /* PBXContainerItemProxy */;
		};
		DEB6E8D92F71D854004B8E3E /* PBXTargetDependency */ = {
			isa = PBXTargetDependency;
			target = DEB6E8BF2F71D853004B8E3E /* AtelierCode */;
			targetProxy = DEB6E8D82F71D854004B8E3E /* PBXContainerItemProxy */;
		};
/* End PBXTargetDependency section */

/* Begin XCBuildConfiguration section */
		DEB6E8DF2F71D854004B8E3E /* Debug */ = {
			isa = XCBuildConfiguration;
			buildSettings = {
				ALWAYS_SEARCH_USER_PATHS = NO;
				ASSETCATALOG_COMPILER_GENERATE_SWIFT_ASSET_SYMBOL_EXTENSIONS = YES;
				CLANG_ANALYZER_NONNULL = YES;
				CLANG_ANALYZER_NUMBER_OBJECT_CONVERSION = YES_AGGRESSIVE;
				CLANG_CXX_LANGUAGE_STANDARD = "gnu++20";
				CLANG_ENABLE_MODULES = YES;
				CLANG_ENABLE_OBJC_ARC = YES;
				CLANG_ENABLE_OBJC_WEAK = YES;
				CLANG_WARN_BLOCK_CAPTURE_AUTORELEASING = YES;
				CLANG_WARN_BOOL_CONVERSION = YES;
				CLANG_WARN_COMMA = YES;
				CLANG_WARN_CONSTANT_CONVERSION = YES;
				CLANG_WARN_DEPRECATED_OBJC_IMPLEMENTATIONS = YES;
				CLANG_WARN_DIRECT_OBJC_ISA_USAGE = YES_ERROR;
				CLANG_WARN_DOCUMENTATION_COMMENTS = YES;
				CLANG_WARN_EMPTY_BODY = YES;
				CLANG_WARN_ENUM_CONVERSION = YES;
				CLANG_WARN_INFINITE_RECURSION = YES;
				CLANG_WARN_INT_CONVERSION = YES;
				CLANG_WARN_NON_LITERAL_NULL_CONVERSION = YES;
				CLANG_WARN_OBJC_IMPLICIT_RETAIN_SELF = YES;
				CLANG_WARN_OBJC_LITERAL_CONVERSION = YES;
				CLANG_WARN_OBJC_ROOT_CLASS = YES_ERROR;
				CLANG_WARN_QUOTED_INCLUDE_IN_FRAMEWORK_HEADER = YES;
				CLANG_WARN_RANGE_LOOP_ANALYSIS = YES;
				CLANG_WARN_STRICT_PROTOTYPES = YES;
				CLANG_WARN_SUSPICIOUS_MOVE = YES;
				CLANG_WARN_UNGUARDED_AVAILABILITY = YES_AGGRESSIVE;
				CLANG_WARN_UNREACHABLE_CODE = YES;
				CLANG_WARN__DUPLICATE_METHOD_MATCH = YES;
				COPY_PHASE_STRIP = NO;
				DEBUG_INFORMATION_FORMAT = dwarf;
				DEVELOPMENT_TEAM = 337D6CNU4E;
				ENABLE_STRICT_OBJC_MSGSEND = YES;
				ENABLE_TESTABILITY = YES;
				ENABLE_USER_SCRIPT_SANDBOXING = YES;
				GCC_C_LANGUAGE_STANDARD = gnu17;
				GCC_DYNAMIC_NO_PIC = NO;
				GCC_NO_COMMON_BLOCKS = YES;
				GCC_OPTIMIZATION_LEVEL = 0;
				GCC_PREPROCESSOR_DEFINITIONS = (
					"DEBUG=1",
					"$(inherited)",
				);
				GCC_WARN_64_TO_32_BIT_CONVERSION = YES;
				GCC_WARN_ABOUT_RETURN_TYPE = YES_ERROR;
				GCC_WARN_UNDECLARED_SELECTOR = YES;
				GCC_WARN_UNINITIALIZED_AUTOS = YES_AGGRESSIVE;
				GCC_WARN_UNUSED_FUNCTION = YES;
				GCC_WARN_UNUSED_VARIABLE = YES;
				LOCALIZATION_PREFERS_STRING_CATALOGS = YES;
				MACOSX_DEPLOYMENT_TARGET = 26.2;
				MTL_ENABLE_DEBUG_INFO = INCLUDE_SOURCE;
				MTL_FAST_MATH = YES;
				ONLY_ACTIVE_ARCH = YES;
				SDKROOT = macosx;
				SWIFT_ACTIVE_COMPILATION_CONDITIONS = "DEBUG $(inherited)";
				SWIFT_OPTIMIZATION_LEVEL = "-Onone";
			};
			name = Debug;
		};
		DEB6E8E02F71D854004B8E3E /* Release */ = {
			isa = XCBuildConfiguration;
			buildSettings = {
				ALWAYS_SEARCH_USER_PATHS = NO;
				ASSETCATALOG_COMPILER_GENERATE_SWIFT_ASSET_SYMBOL_EXTENSIONS = YES;
				CLANG_ANALYZER_NONNULL = YES;
				CLANG_ANALYZER_NUMBER_OBJECT_CONVERSION = YES_AGGRESSIVE;
				CLANG_CXX_LANGUAGE_STANDARD = "gnu++20";
				CLANG_ENABLE_MODULES = YES;
				CLANG_ENABLE_OBJC_ARC = YES;
				CLANG_ENABLE_OBJC_WEAK = YES;
				CLANG_WARN_BLOCK_CAPTURE_AUTORELEASING = YES;
				CLANG_WARN_BOOL_CONVERSION = YES;
				CLANG_WARN_COMMA = YES;
				CLANG_WARN_CONSTANT_CONVERSION = YES;
				CLANG_WARN_DEPRECATED_OBJC_IMPLEMENTATIONS = YES;
				CLANG_WARN_DIRECT_OBJC_ISA_USAGE = YES_ERROR;
				CLANG_WARN_DOCUMENTATION_COMMENTS = YES;
				CLANG_WARN_EMPTY_BODY = YES;
				CLANG_WARN_ENUM_CONVERSION = YES;
				CLANG_WARN_INFINITE_RECURSION = YES;
				CLANG_WARN_INT_CONVERSION = YES;
				CLANG_WARN_NON_LITERAL_NULL_CONVERSION = YES;
				CLANG_WARN_OBJC_IMPLICIT_RETAIN_SELF = YES;
				CLANG_WARN_OBJC_LITERAL_CONVERSION = YES;
				CLANG_WARN_OBJC_ROOT_CLASS = YES_ERROR;
				CLANG_WARN_QUOTED_INCLUDE_IN_FRAMEWORK_HEADER = YES;
				CLANG_WARN_RANGE_LOOP_ANALYSIS = YES;
				CLANG_WARN_STRICT_PROTOTYPES = YES;
				CLANG_WARN_SUSPICIOUS_MOVE = YES;
				CLANG_WARN_UNGUARDED_AVAILABILITY = YES_AGGRESSIVE;
				CLANG_WARN_UNREACHABLE_CODE = YES;
				CLANG_WARN__DUPLICATE_METHOD_MATCH = YES;
				COPY_PHASE_STRIP = NO;
				DEBUG_INFORMATION_FORMAT = "dwarf-with-dsym";
				DEVELOPMENT_TEAM = 337D6CNU4E;
				ENABLE_NS_ASSERTIONS = NO;
				ENABLE_STRICT_OBJC_MSGSEND = YES;
				ENABLE_USER_SCRIPT_SANDBOXING = YES;
				GCC_C_LANGUAGE_STANDARD = gnu17;
				GCC_NO_COMMON_BLOCKS = YES;
				GCC_WARN_64_TO_32_BIT_CONVERSION = YES;
				GCC_WARN_ABOUT_RETURN_TYPE = YES_ERROR;
				GCC_WARN_UNDECLARED_SELECTOR = YES;
				GCC_WARN_UNINITIALIZED_AUTOS = YES_AGGRESSIVE;
				GCC_WARN_UNUSED_FUNCTION = YES;
				GCC_WARN_UNUSED_VARIABLE = YES;
				LOCALIZATION_PREFERS_STRING_CATALOGS = YES;
				MACOSX_DEPLOYMENT_TARGET = 26.2;
				MTL_ENABLE_DEBUG_INFO = NO;
				MTL_FAST_MATH = YES;
				SDKROOT = macosx;
				SWIFT_COMPILATION_MODE = wholemodule;
			};
			name = Release;
		};
		DEB6E8E22F71D854004B8E3E /* Debug */ = {
			isa = XCBuildConfiguration;
			buildSettings = {
				ASSETCATALOG_COMPILER_APPICON_NAME = AppIcon;
				ASSETCATALOG_COMPILER_GLOBAL_ACCENT_COLOR_NAME = AccentColor;
				CODE_SIGN_STYLE = Automatic;
				COMBINE_HIDPI_IMAGES = YES;
				CURRENT_PROJECT_VERSION = 1;
				DEVELOPMENT_TEAM = 337D6CNU4E;
				ENABLE_APP_SANDBOX = NO;
				ENABLE_HARDENED_RUNTIME = YES;
				ENABLE_PREVIEWS = YES;
				ENABLE_USER_SELECTED_FILES = readonly;
				GENERATE_INFOPLIST_FILE = YES;
				INFOPLIST_KEY_NSHumanReadableCopyright = "";
				LD_RUNPATH_SEARCH_PATHS = (
					"$(inherited)",
					"@executable_path/../Frameworks",
				);
				MARKETING_VERSION = 1.0;
				PRODUCT_BUNDLE_IDENTIFIER = jeremytondo.AtelierCode;
				PRODUCT_NAME = "$(TARGET_NAME)";
				REGISTER_APP_GROUPS = YES;
				STRING_CATALOG_GENERATE_SYMBOLS = YES;
				SWIFT_APPROACHABLE_CONCURRENCY = YES;
				SWIFT_DEFAULT_ACTOR_ISOLATION = MainActor;
				SWIFT_EMIT_LOC_STRINGS = YES;
				SWIFT_UPCOMING_FEATURE_MEMBER_IMPORT_VISIBILITY = YES;
				SWIFT_VERSION = 5.0;
			};
			name = Debug;
		};
		DEB6E8E32F71D854004B8E3E /* Release */ = {
			isa = XCBuildConfiguration;
			buildSettings = {
				ASSETCATALOG_COMPILER_APPICON_NAME = AppIcon;
				ASSETCATALOG_COMPILER_GLOBAL_ACCENT_COLOR_NAME = AccentColor;
				CODE_SIGN_STYLE = Automatic;
				COMBINE_HIDPI_IMAGES = YES;
				CURRENT_PROJECT_VERSION = 1;
				DEVELOPMENT_TEAM = 337D6CNU4E;
				ENABLE_APP_SANDBOX = NO;
				ENABLE_HARDENED_RUNTIME = YES;
				ENABLE_PREVIEWS = YES;
				ENABLE_USER_SELECTED_FILES = readonly;
				GENERATE_INFOPLIST_FILE = YES;
				INFOPLIST_KEY_NSHumanReadableCopyright = "";
				LD_RUNPATH_SEARCH_PATHS = (
					"$(inherited)",
					"@executable_path/../Frameworks",
				);
				MARKETING_VERSION = 1.0;
				PRODUCT_BUNDLE_IDENTIFIER = jeremytondo.AtelierCode;
				PRODUCT_NAME = "$(TARGET_NAME)";
				REGISTER_APP_GROUPS = YES;
				STRING_CATALOG_GENERATE_SYMBOLS = YES;
				SWIFT_APPROACHABLE_CONCURRENCY = YES;
				SWIFT_DEFAULT_ACTOR_ISOLATION = MainActor;
				SWIFT_EMIT_LOC_STRINGS = YES;
				SWIFT_UPCOMING_FEATURE_MEMBER_IMPORT_VISIBILITY = YES;
				SWIFT_VERSION = 5.0;
			};
			name = Release;
		};
		DEB6E8E52F71D854004B8E3E /* Debug */ = {
			isa = XCBuildConfiguration;
			buildSettings = {
				BUNDLE_LOADER = "$(TEST_HOST)";
				CODE_SIGN_STYLE = Automatic;
				CURRENT_PROJECT_VERSION = 1;
				DEVELOPMENT_TEAM = 337D6CNU4E;
				GENERATE_INFOPLIST_FILE = YES;
				MACOSX_DEPLOYMENT_TARGET = 26.2;
				MARKETING_VERSION = 1.0;
				PRODUCT_BUNDLE_IDENTIFIER = jeremytondo.AtelierCodeTests;
				PRODUCT_NAME = "$(TARGET_NAME)";
				STRING_CATALOG_GENERATE_SYMBOLS = NO;
				SWIFT_APPROACHABLE_CONCURRENCY = YES;
				SWIFT_EMIT_LOC_STRINGS = NO;
				SWIFT_UPCOMING_FEATURE_MEMBER_IMPORT_VISIBILITY = YES;
				SWIFT_VERSION = 5.0;
				TEST_HOST = "$(BUILT_PRODUCTS_DIR)/AtelierCode.app/$(BUNDLE_EXECUTABLE_FOLDER_PATH)/AtelierCode";
			};
			name = Debug;
		};
		DEB6E8E62F71D854004B8E3E /* Release */ = {
			isa = XCBuildConfiguration;
			buildSettings = {
				BUNDLE_LOADER = "$(TEST_HOST)";
				CODE_SIGN_STYLE = Automatic;
				CURRENT_PROJECT_VERSION = 1;
				DEVELOPMENT_TEAM = 337D6CNU4E;
				GENERATE_INFOPLIST_FILE = YES;
				MACOSX_DEPLOYMENT_TARGET = 26.2;
				MARKETING_VERSION = 1.0;
				PRODUCT_BUNDLE_IDENTIFIER = jeremytondo.AtelierCodeTests;
				PRODUCT_NAME = "$(TARGET_NAME)";
				STRING_CATALOG_GENERATE_SYMBOLS = NO;
				SWIFT_APPROACHABLE_CONCURRENCY = YES;
				SWIFT_EMIT_LOC_STRINGS = NO;
				SWIFT_UPCOMING_FEATURE_MEMBER_IMPORT_VISIBILITY = YES;
				SWIFT_VERSION = 5.0;
				TEST_HOST = "$(BUILT_PRODUCTS_DIR)/AtelierCode.app/$(BUNDLE_EXECUTABLE_FOLDER_PATH)/AtelierCode";
			};
			name = Release;
		};
		DEB6E8E82F71D854004B8E3E /* Debug */ = {
			isa = XCBuildConfiguration;
			buildSettings = {
				CODE_SIGN_STYLE = Automatic;
				CURRENT_PROJECT_VERSION = 1;
				DEVELOPMENT_TEAM = 337D6CNU4E;
				GENERATE_INFOPLIST_FILE = YES;
				MARKETING_VERSION = 1.0;
				PRODUCT_BUNDLE_IDENTIFIER = jeremytondo.AtelierCodeUITests;
				PRODUCT_NAME = "$(TARGET_NAME)";
				STRING_CATALOG_GENERATE_SYMBOLS = NO;
				SWIFT_APPROACHABLE_CONCURRENCY = YES;
				SWIFT_EMIT_LOC_STRINGS = NO;
				SWIFT_UPCOMING_FEATURE_MEMBER_IMPORT_VISIBILITY = YES;
				SWIFT_VERSION = 5.0;
				TEST_TARGET_NAME = AtelierCode;
			};
			name = Debug;
		};
		DEB6E8E92F71D854004B8E3E /* Release */ = {
			isa = XCBuildConfiguration;
			buildSettings = {
				CODE_SIGN_STYLE = Automatic;
				CURRENT_PROJECT_VERSION = 1;
				DEVELOPMENT_TEAM = 337D6CNU4E;
				GENERATE_INFOPLIST_FILE = YES;
				MARKETING_VERSION = 1.0;
				PRODUCT_BUNDLE_IDENTIFIER = jeremytondo.AtelierCodeUITests;
				PRODUCT_NAME = "$(TARGET_NAME)";
				STRING_CATALOG_GENERATE_SYMBOLS = NO;
				SWIFT_APPROACHABLE_CONCURRENCY = YES;
				SWIFT_EMIT_LOC_STRINGS = NO;
				SWIFT_UPCOMING_FEATURE_MEMBER_IMPORT_VISIBILITY = YES;
				SWIFT_VERSION = 5.0;
				TEST_TARGET_NAME = AtelierCode;
			};
			name = Release;
		};
/* End XCBuildConfiguration section */

/* Begin XCConfigurationList section */
		DEB6E8BB2F71D853004B8E3E /* Build configuration list for PBXProject "AtelierCode" */ = {
			isa = XCConfigurationList;
			buildConfigurations = (
				DEB6E8DF2F71D854004B8E3E /* Debug */,
				DEB6E8E02F71D854004B8E3E /* Release */,
			);
			defaultConfigurationIsVisible = 0;
			defaultConfigurationName = Release;
		};
		DEB6E8E12F71D854004B8E3E /* Build configuration list for PBXNativeTarget "AtelierCode" */ = {
			isa = XCConfigurationList;
			buildConfigurations = (
				DEB6E8E22F71D854004B8E3E /* Debug */,
				DEB6E8E32F71D854004B8E3E /* Release */,
			);
			defaultConfigurationIsVisible = 0;
			defaultConfigurationName = Release;
		};
		DEB6E8E42F71D854004B8E3E /* Build configuration list for PBXNativeTarget "AtelierCodeTests" */ = {
			isa = XCConfigurationList;
			buildConfigurations = (
				DEB6E8E52F71D854004B8E3E /* Debug */,
				DEB6E8E62F71D854004B8E3E /* Release */,
			);
			defaultConfigurationIsVisible = 0;
			defaultConfigurationName = Release;
		};
		DEB6E8E72F71D854004B8E3E /* Build configuration list for PBXNativeTarget "AtelierCodeUITests" */ = {
			isa = XCConfigurationList;
			buildConfigurations = (
				DEB6E8E82F71D854004B8E3E /* Debug */,
				DEB6E8E92F71D854004B8E3E /* Release */,
			);
			defaultConfigurationIsVisible = 0;
			defaultConfigurationName = Release;
		};
/* End XCConfigurationList section */
	};
	rootObject = DEB6E8B82F71D853004B8E3E /* Project object */;
}
